
Microsoft Visual Studio Solution File, Format Version 12.00
# Visual Studio Version 17
VisualStudioVersion = 17.2.32602.215
MinimumVisualStudioVersion = 10.0.40219.1
Project("{9A19103F-16F7-4668-BE54-9A1E7A4F7556}") = "WeatherRESTfulAPI", "WeatherRESTfulAPI.csproj", "{EF469A98-1EED-4554-9598-3D95B854583B}"
EndProject
Project("{9A19103F-16F7-4668-BE54-9A1E7A4F7556}") = "Weather.Domain", "..\Weather.Entity\Weather.Domain.csproj", "{2417FD3B-7BE6-4FDB-A272-DF5D8F211765}"
EndProject
Project("{9A19103F-16F7-4668-BE54-9A1E7A4F7556}") = "Weather.Infrastructure", "..\Weather.Infrastructure\Weather.Infrastructure.csproj", "{EA2FDD99-A4DE-42F1-8007-DF0680EE67FB}"
EndProject
Project("{FAE04EC0-301F-11D3-BF4B-00C04F79EFBC}") = "Weather.Application", "..\Weather.Application\Weather.Application.csproj", "{E3CBC2E8-6859-4DF4-A062-5E0356857070}"
EndProject
Global
	GlobalSection(SolutionConfigurationPlatforms) = preSolution
		Debug|Any CPU = Debug|Any CPU
		Release|Any CPU = Release|Any CPU
	EndGlobalSection
	GlobalSection(ProjectConfigurationPlatforms) = postSolution
		{EF469A98-1EED-4554-9598-3D95B854583B}.Debug|Any CPU.ActiveCfg = Debug|Any CPU
		{EF469A98-1EED-4554-9598-3D95B854583B}.Debug|Any CPU.Build.0 = Debug|Any CPU
		{EF469A98-1EED-4554-9598-3D95B854583B}.Release|Any CPU.ActiveCfg = Release|Any CPU
		{EF469A98-1EED-4554-9598-3D95B854583B}.Release|Any CPU.Build.0 = Release|Any CPU
		{2417FD3B-7BE6-4FDB-A272-DF5D8F211765}.Debug|Any CPU.ActiveCfg = Debug|Any CPU
		{2417FD3B-7BE6-4FDB-A272-DF5D8F211765}.Debug|Any CPU.Build.0 = Debug|Any CPU
		{2417FD3B-7BE6-4FDB-A272-DF5D8F211765}.Release|Any CPU.ActiveCfg = Release|Any CPU
		{2417FD3B-7BE6-4FDB-A272-DF5D8F211765}.Release|Any CPU.Build.0 = Release|Any CPU
		{EA2FDD99-A4DE-42F1-8007-DF0680EE67FB}.Debug|Any CPU.ActiveCfg = Debug|Any CPU
		{EA2FDD99-A4DE-42F1-8007-DF0680EE67FB}.Debug|Any CPU.Build.0 = Debug|Any CPU
		{EA2FDD99-A4DE-42F1-8007-DF0680EE67FB}.Release|Any CPU.ActiveCfg = Release|Any CPU
		{EA2FDD99-A4DE-42F1-8007-DF0680EE67FB}.Release|Any CPU.Build.0 = Release|Any CPU
		{E3CBC2E8-6859-4DF4-A062-5E0356857070}.Debug|Any CPU.ActiveCfg = Debug|Any CPU
		{E3CBC2E8-6859-4DF4-A062-5E0356857070}.Debug|Any CPU.Build.0 = Debug|Any CPU
		{E3CBC2E8-6859-4DF4-A062-5E0356857070}.Release|Any CPU.ActiveCfg = Release|Any CPU
		{E3CBC2E8-6859-4DF4-A062-5E0356857070}.Release|Any CPU.Build.0 = Release|Any CPU
	EndGlobalSection
	GlobalSection(SolutionProperties) = preSolution
		HideSolutionNode = FALSE
	EndGlobalSection
	GlobalSection(ExtensibilityGlobals) = postSolution
		SolutionGuid = {6F29EB7A-4CF3-429C-8605-98916AE8DD59}
	EndGlobalSection
EndGlobal
